{
  "name": "annihilate",
  "version": "0.0.1",
  "lockfileVersion": 1,
  "requires": true,
  "dependencies": {
    "cannon-es": {
      "version": "0.18.0",
      "resolved": "https://registry.npmjs.org/cannon-es/-/cannon-es-0.18.0.tgz",
      "integrity": "sha512-GiQ1bd0etZsMVSnUhNc+p+FEh0R/cULpp8uRSAhEK4Kax+y/31Au03m6h1h1xdDivAMnFg8YDwevHgzLynOHlw=="
    }
  }
}
